
Microsoft Visual Studio Solution File, Format Version 12.00
# Visual Studio Version 16
VisualStudioVersion = 25.0.1706.7
MinimumVisualStudioVersion = 10.0.40219.1
Project("{FAE04EC0-301F-11D3-BF4B-00C04F79EFBC}") = "CapStoreAPI", "cap-store-api\CapStoreAPI.csproj", "{1C8A754D-7965-46AC-ACDF-4EC7B3AD3662}"
EndProject
Project("{FAE04EC0-301F-11D3-BF4B-00C04F79EFBC}") = "CapStore.Domain.Components", "CapStore.Domain.Components\CapStore.Domain.Components.csproj", "{8CDA5CA2-71F8-4C3E-B592-28FB84284246}"
EndProject
Project("{FAE04EC0-301F-11D3-BF4B-00C04F79EFBC}") = "CapStore.Domain.Shareds", "CapStore.Domain.Shareds\CapStore.Domain.Shareds.csproj", "{2AB66BA0-5F63-44EE-9D54-4F5302A1EBCB}"
EndProject
Project("{FAE04EC0-301F-11D3-BF4B-00C04F79EFBC}") = "CapStore.Domain.Components.Test", "CapStore.Domain.Components.Test\CapStore.Domain.Components.Test.csproj", "{1B2FB1E3-DB50-4F14-86E6-76561FC53B36}"
EndProject
Project("{FAE04EC0-301F-11D3-BF4B-00C04F79EFBC}") = "CapStore.Domain.Shareds.Test", "CapStore.Domain.Shareds.Test\CapStore.Domain.Shareds.Test.csproj", "{6EE69B9F-8C1B-42E3-B888-497D128D838A}"
EndProject
Global
	GlobalSection(SolutionConfigurationPlatforms) = preSolution
		Debug|Any CPU = Debug|Any CPU
		Release|Any CPU = Release|Any CPU
	EndGlobalSection
	GlobalSection(ProjectConfigurationPlatforms) = postSolution
		{1C8A754D-7965-46AC-ACDF-4EC7B3AD3662}.Debug|Any CPU.ActiveCfg = Debug|Any CPU
		{1C8A754D-7965-46AC-ACDF-4EC7B3AD3662}.Debug|Any CPU.Build.0 = Debug|Any CPU
		{1C8A754D-7965-46AC-ACDF-4EC7B3AD3662}.Release|Any CPU.ActiveCfg = Release|Any CPU
		{1C8A754D-7965-46AC-ACDF-4EC7B3AD3662}.Release|Any CPU.Build.0 = Release|Any CPU
		{8CDA5CA2-71F8-4C3E-B592-28FB84284246}.Debug|Any CPU.ActiveCfg = Debug|Any CPU
		{8CDA5CA2-71F8-4C3E-B592-28FB84284246}.Debug|Any CPU.Build.0 = Debug|Any CPU
		{8CDA5CA2-71F8-4C3E-B592-28FB84284246}.Release|Any CPU.ActiveCfg = Release|Any CPU
		{8CDA5CA2-71F8-4C3E-B592-28FB84284246}.Release|Any CPU.Build.0 = Release|Any CPU
		{2AB66BA0-5F63-44EE-9D54-4F5302A1EBCB}.Debug|Any CPU.ActiveCfg = Debug|Any CPU
		{2AB66BA0-5F63-44EE-9D54-4F5302A1EBCB}.Debug|Any CPU.Build.0 = Debug|Any CPU
		{2AB66BA0-5F63-44EE-9D54-4F5302A1EBCB}.Release|Any CPU.ActiveCfg = Release|Any CPU
		{2AB66BA0-5F63-44EE-9D54-4F5302A1EBCB}.Release|Any CPU.Build.0 = Release|Any CPU
		{1B2FB1E3-DB50-4F14-86E6-76561FC53B36}.Debug|Any CPU.ActiveCfg = Debug|Any CPU
		{1B2FB1E3-DB50-4F14-86E6-76561FC53B36}.Debug|Any CPU.Build.0 = Debug|Any CPU
		{1B2FB1E3-DB50-4F14-86E6-76561FC53B36}.Release|Any CPU.ActiveCfg = Release|Any CPU
		{1B2FB1E3-DB50-4F14-86E6-76561FC53B36}.Release|Any CPU.Build.0 = Release|Any CPU
		{6EE69B9F-8C1B-42E3-B888-497D128D838A}.Debug|Any CPU.ActiveCfg = Debug|Any CPU
		{6EE69B9F-8C1B-42E3-B888-497D128D838A}.Debug|Any CPU.Build.0 = Debug|Any CPU
		{6EE69B9F-8C1B-42E3-B888-497D128D838A}.Release|Any CPU.ActiveCfg = Release|Any CPU
		{6EE69B9F-8C1B-42E3-B888-497D128D838A}.Release|Any CPU.Build.0 = Release|Any CPU
	EndGlobalSection
	GlobalSection(SolutionProperties) = preSolution
		HideSolutionNode = FALSE
	EndGlobalSection
	GlobalSection(ExtensibilityGlobals) = postSolution
		SolutionGuid = {798DD877-66FF-4C92-B6D2-916526B32DF3}
	EndGlobalSection
EndGlobal
