
Microsoft Visual Studio Solution File, Format Version 12.00
# Visual Studio Version 17
VisualStudioVersion = 17.7.34302.85
MinimumVisualStudioVersion = 10.0.40219.1
Project("{9A19103F-16F7-4668-BE54-9A1E7A4F7556}") = "CapStoreAPI", "cap-store-api\CapStoreAPI.csproj", "{1C8A754D-7965-46AC-ACDF-4EC7B3AD3662}"
EndProject
Project("{9A19103F-16F7-4668-BE54-9A1E7A4F7556}") = "CapStore.Domain.Components.Test", "CapStore.Domain.Components.Test\CapStore.Domain.Components.Test.csproj", "{1B2FB1E3-DB50-4F14-86E6-76561FC53B36}"
EndProject
Project("{9A19103F-16F7-4668-BE54-9A1E7A4F7556}") = "Akizuki.Domain.Catalogs", "Akizuki.Domain.Catalogs\Akizuki.Domain.Catalogs.csproj", "{B838B758-2BD7-4173-A4F3-C0DADB0D4D00}"
EndProject
Project("{9A19103F-16F7-4668-BE54-9A1E7A4F7556}") = "Akizuki.Domain.Catalogs.Test", "Akizuki.Domain.Catalogs.Test\Akizuki.Domain.Catalogs.Test.csproj", "{34C39BDF-E8A0-4AEC-9057-CFA60949559E}"
EndProject
Project("{9A19103F-16F7-4668-BE54-9A1E7A4F7556}") = "CapStore.Infrastructure.Ef.Test", "CapStore.Infrastructure.Ef.Test\CapStore.Infrastructure.Ef.Test.csproj", "{1164D8AC-AA1C-48D3-9BF8-00EF098B795A}"
EndProject
Project("{FAE04EC0-301F-11D3-BF4B-00C04F79EFBC}") = "CapStore.Infrastructure.Ef", "CapStore.Infrastructure.Ef\CapStore.Infrastructure.Ef.csproj", "{4D672553-05F3-408F-B216-A3CE7E3084A1}"
EndProject
Project("{FAE04EC0-301F-11D3-BF4B-00C04F79EFBC}") = "CapStore.ApplicationServices", "CapStore.ApplicationServices\CapStore.ApplicationServices.csproj", "{6C588009-9EC6-4C90-9059-26CF5C1B7B2B}"
EndProject
Project("{FAE04EC0-301F-11D3-BF4B-00C04F79EFBC}") = "CapStoreAPI.Test", "CapStoreAPI.Test\CapStoreAPI.Test.csproj", "{A69ED019-76BA-4D99-8944-8CC678132025}"
EndProject
Project("{FAE04EC0-301F-11D3-BF4B-00C04F79EFBC}") = "Akizuki.Seeds", "Akizuki.Seeds\Akizuki.Seeds.csproj", "{6CEBB0D5-BE4F-4360-9270-1C54AA583F11}"
EndProject
Project("{FAE04EC0-301F-11D3-BF4B-00C04F79EFBC}") = "Akizuki.Seeds.Test", "Akizuki.Seeds.Test\Akizuki.Seeds.Test.csproj", "{3441B0D0-BDD2-4DD5-BEEA-69824150263E}"
EndProject
Project("{FAE04EC0-301F-11D3-BF4B-00C04F79EFBC}") = "Akizuki.Domain.Orders", "Akizuki.Domain.Orders\Akizuki.Domain.Orders.csproj", "{84057C02-01FC-49B9-948A-2D855AB7C755}"
EndProject
Project("{FAE04EC0-301F-11D3-BF4B-00C04F79EFBC}") = "Akizuki.Domain.Test", "Akizuki.Domain.Test\Akizuki.Domain.Test.csproj", "{3F640958-4C9A-4212-84F8-799F45318E23}"
EndProject
Project("{FAE04EC0-301F-11D3-BF4B-00C04F79EFBC}") = "Akizuki.ApplicationServices", "Akizuki.ApplicationServices\Akizuki.ApplicationServices.csproj", "{319CE3B1-F8EA-42A3-957B-1A08CF84421C}"
EndProject
Project("{FAE04EC0-301F-11D3-BF4B-00C04F79EFBC}") = "Akizuki.Infrastructure.Html", "Akizuki.Infrastructure.Html\Akizuki.Infrastructure.Html.csproj", "{842A8ED3-CC5F-444A-BFAE-51E0740A1CED}"
EndProject
Project("{FAE04EC0-301F-11D3-BF4B-00C04F79EFBC}") = "Akizuki.Infrastructure.Html.Test", "Akizuki.Infrastructure.Html.Test\Akizuki.Infrastructure.Html.Test.csproj", "{28462283-C0C5-4C12-AC67-6B403EEE560C}"
EndProject
Project("{FAE04EC0-301F-11D3-BF4B-00C04F79EFBC}") = "CapStore.Domains", "CapStore.Domains\CapStore.Domains.csproj", "{DB54FE27-D31C-4EB1-9A4B-3B986592E326}"
EndProject
Project("{FAE04EC0-301F-11D3-BF4B-00C04F79EFBC}") = "CapStore.Domains.Tests", "CapStore.Domains.Tests\CapStore.Domains.Tests.csproj", "{77EE0248-4CCC-4B67-BB6E-7F357E314A55}"
EndProject
Global
	GlobalSection(SolutionConfigurationPlatforms) = preSolution
		Debug|Any CPU = Debug|Any CPU
		Release|Any CPU = Release|Any CPU
	EndGlobalSection
	GlobalSection(ProjectConfigurationPlatforms) = postSolution
		{1C8A754D-7965-46AC-ACDF-4EC7B3AD3662}.Debug|Any CPU.ActiveCfg = Debug|Any CPU
		{1C8A754D-7965-46AC-ACDF-4EC7B3AD3662}.Debug|Any CPU.Build.0 = Debug|Any CPU
		{1C8A754D-7965-46AC-ACDF-4EC7B3AD3662}.Release|Any CPU.ActiveCfg = Release|Any CPU
		{1C8A754D-7965-46AC-ACDF-4EC7B3AD3662}.Release|Any CPU.Build.0 = Release|Any CPU
		{1B2FB1E3-DB50-4F14-86E6-76561FC53B36}.Debug|Any CPU.ActiveCfg = Debug|Any CPU
		{1B2FB1E3-DB50-4F14-86E6-76561FC53B36}.Debug|Any CPU.Build.0 = Debug|Any CPU
		{1B2FB1E3-DB50-4F14-86E6-76561FC53B36}.Release|Any CPU.ActiveCfg = Release|Any CPU
		{1B2FB1E3-DB50-4F14-86E6-76561FC53B36}.Release|Any CPU.Build.0 = Release|Any CPU
		{B838B758-2BD7-4173-A4F3-C0DADB0D4D00}.Debug|Any CPU.ActiveCfg = Debug|Any CPU
		{B838B758-2BD7-4173-A4F3-C0DADB0D4D00}.Debug|Any CPU.Build.0 = Debug|Any CPU
		{B838B758-2BD7-4173-A4F3-C0DADB0D4D00}.Release|Any CPU.ActiveCfg = Release|Any CPU
		{B838B758-2BD7-4173-A4F3-C0DADB0D4D00}.Release|Any CPU.Build.0 = Release|Any CPU
		{34C39BDF-E8A0-4AEC-9057-CFA60949559E}.Debug|Any CPU.ActiveCfg = Debug|Any CPU
		{34C39BDF-E8A0-4AEC-9057-CFA60949559E}.Debug|Any CPU.Build.0 = Debug|Any CPU
		{34C39BDF-E8A0-4AEC-9057-CFA60949559E}.Release|Any CPU.ActiveCfg = Release|Any CPU
		{34C39BDF-E8A0-4AEC-9057-CFA60949559E}.Release|Any CPU.Build.0 = Release|Any CPU
		{1164D8AC-AA1C-48D3-9BF8-00EF098B795A}.Debug|Any CPU.ActiveCfg = Debug|Any CPU
		{1164D8AC-AA1C-48D3-9BF8-00EF098B795A}.Debug|Any CPU.Build.0 = Debug|Any CPU
		{1164D8AC-AA1C-48D3-9BF8-00EF098B795A}.Release|Any CPU.ActiveCfg = Release|Any CPU
		{1164D8AC-AA1C-48D3-9BF8-00EF098B795A}.Release|Any CPU.Build.0 = Release|Any CPU
		{4D672553-05F3-408F-B216-A3CE7E3084A1}.Debug|Any CPU.ActiveCfg = Debug|Any CPU
		{4D672553-05F3-408F-B216-A3CE7E3084A1}.Debug|Any CPU.Build.0 = Debug|Any CPU
		{4D672553-05F3-408F-B216-A3CE7E3084A1}.Release|Any CPU.ActiveCfg = Release|Any CPU
		{4D672553-05F3-408F-B216-A3CE7E3084A1}.Release|Any CPU.Build.0 = Release|Any CPU
		{6C588009-9EC6-4C90-9059-26CF5C1B7B2B}.Debug|Any CPU.ActiveCfg = Debug|Any CPU
		{6C588009-9EC6-4C90-9059-26CF5C1B7B2B}.Debug|Any CPU.Build.0 = Debug|Any CPU
		{6C588009-9EC6-4C90-9059-26CF5C1B7B2B}.Release|Any CPU.ActiveCfg = Release|Any CPU
		{6C588009-9EC6-4C90-9059-26CF5C1B7B2B}.Release|Any CPU.Build.0 = Release|Any CPU
		{A69ED019-76BA-4D99-8944-8CC678132025}.Debug|Any CPU.ActiveCfg = Debug|Any CPU
		{A69ED019-76BA-4D99-8944-8CC678132025}.Debug|Any CPU.Build.0 = Debug|Any CPU
		{A69ED019-76BA-4D99-8944-8CC678132025}.Release|Any CPU.ActiveCfg = Release|Any CPU
		{A69ED019-76BA-4D99-8944-8CC678132025}.Release|Any CPU.Build.0 = Release|Any CPU
		{6CEBB0D5-BE4F-4360-9270-1C54AA583F11}.Debug|Any CPU.ActiveCfg = Debug|Any CPU
		{6CEBB0D5-BE4F-4360-9270-1C54AA583F11}.Debug|Any CPU.Build.0 = Debug|Any CPU
		{6CEBB0D5-BE4F-4360-9270-1C54AA583F11}.Release|Any CPU.ActiveCfg = Release|Any CPU
		{6CEBB0D5-BE4F-4360-9270-1C54AA583F11}.Release|Any CPU.Build.0 = Release|Any CPU
		{3441B0D0-BDD2-4DD5-BEEA-69824150263E}.Debug|Any CPU.ActiveCfg = Debug|Any CPU
		{3441B0D0-BDD2-4DD5-BEEA-69824150263E}.Debug|Any CPU.Build.0 = Debug|Any CPU
		{3441B0D0-BDD2-4DD5-BEEA-69824150263E}.Release|Any CPU.ActiveCfg = Release|Any CPU
		{3441B0D0-BDD2-4DD5-BEEA-69824150263E}.Release|Any CPU.Build.0 = Release|Any CPU
		{84057C02-01FC-49B9-948A-2D855AB7C755}.Debug|Any CPU.ActiveCfg = Debug|Any CPU
		{84057C02-01FC-49B9-948A-2D855AB7C755}.Debug|Any CPU.Build.0 = Debug|Any CPU
		{84057C02-01FC-49B9-948A-2D855AB7C755}.Release|Any CPU.ActiveCfg = Release|Any CPU
		{84057C02-01FC-49B9-948A-2D855AB7C755}.Release|Any CPU.Build.0 = Release|Any CPU
		{3F640958-4C9A-4212-84F8-799F45318E23}.Debug|Any CPU.ActiveCfg = Debug|Any CPU
		{3F640958-4C9A-4212-84F8-799F45318E23}.Debug|Any CPU.Build.0 = Debug|Any CPU
		{3F640958-4C9A-4212-84F8-799F45318E23}.Release|Any CPU.ActiveCfg = Release|Any CPU
		{3F640958-4C9A-4212-84F8-799F45318E23}.Release|Any CPU.Build.0 = Release|Any CPU
		{319CE3B1-F8EA-42A3-957B-1A08CF84421C}.Debug|Any CPU.ActiveCfg = Debug|Any CPU
		{319CE3B1-F8EA-42A3-957B-1A08CF84421C}.Debug|Any CPU.Build.0 = Debug|Any CPU
		{319CE3B1-F8EA-42A3-957B-1A08CF84421C}.Release|Any CPU.ActiveCfg = Release|Any CPU
		{319CE3B1-F8EA-42A3-957B-1A08CF84421C}.Release|Any CPU.Build.0 = Release|Any CPU
		{842A8ED3-CC5F-444A-BFAE-51E0740A1CED}.Debug|Any CPU.ActiveCfg = Debug|Any CPU
		{842A8ED3-CC5F-444A-BFAE-51E0740A1CED}.Debug|Any CPU.Build.0 = Debug|Any CPU
		{842A8ED3-CC5F-444A-BFAE-51E0740A1CED}.Release|Any CPU.ActiveCfg = Release|Any CPU
		{842A8ED3-CC5F-444A-BFAE-51E0740A1CED}.Release|Any CPU.Build.0 = Release|Any CPU
		{28462283-C0C5-4C12-AC67-6B403EEE560C}.Debug|Any CPU.ActiveCfg = Debug|Any CPU
		{28462283-C0C5-4C12-AC67-6B403EEE560C}.Debug|Any CPU.Build.0 = Debug|Any CPU
		{28462283-C0C5-4C12-AC67-6B403EEE560C}.Release|Any CPU.ActiveCfg = Release|Any CPU
		{28462283-C0C5-4C12-AC67-6B403EEE560C}.Release|Any CPU.Build.0 = Release|Any CPU
		{DB54FE27-D31C-4EB1-9A4B-3B986592E326}.Debug|Any CPU.ActiveCfg = Debug|Any CPU
		{DB54FE27-D31C-4EB1-9A4B-3B986592E326}.Debug|Any CPU.Build.0 = Debug|Any CPU
		{DB54FE27-D31C-4EB1-9A4B-3B986592E326}.Release|Any CPU.ActiveCfg = Release|Any CPU
		{DB54FE27-D31C-4EB1-9A4B-3B986592E326}.Release|Any CPU.Build.0 = Release|Any CPU
		{77EE0248-4CCC-4B67-BB6E-7F357E314A55}.Debug|Any CPU.ActiveCfg = Debug|Any CPU
		{77EE0248-4CCC-4B67-BB6E-7F357E314A55}.Debug|Any CPU.Build.0 = Debug|Any CPU
		{77EE0248-4CCC-4B67-BB6E-7F357E314A55}.Release|Any CPU.ActiveCfg = Release|Any CPU
		{77EE0248-4CCC-4B67-BB6E-7F357E314A55}.Release|Any CPU.Build.0 = Release|Any CPU
	EndGlobalSection
	GlobalSection(SolutionProperties) = preSolution
		HideSolutionNode = FALSE
	EndGlobalSection
	GlobalSection(ExtensibilityGlobals) = postSolution
		SolutionGuid = {798DD877-66FF-4C92-B6D2-916526B32DF3}
	EndGlobalSection
EndGlobal
