
Microsoft Visual Studio Solution File, Format Version 12.00
# Visual Studio Version 16
VisualStudioVersion = 25.0.1706.7
MinimumVisualStudioVersion = 10.0.40219.1
Project("{FAE04EC0-301F-11D3-BF4B-00C04F79EFBC}") = "CapStoreAPI", "cap-store-api\CapStoreAPI.csproj", "{1C8A754D-7965-46AC-ACDF-4EC7B3AD3662}"
EndProject
Project("{FAE04EC0-301F-11D3-BF4B-00C04F79EFBC}") = "CapStore.Domain.Components", "CapStore.Domain.Components\CapStore.Domain.Components.csproj", "{8CDA5CA2-71F8-4C3E-B592-28FB84284246}"
EndProject
Project("{FAE04EC0-301F-11D3-BF4B-00C04F79EFBC}") = "CapStore.Domain.Shareds", "CapStore.Domain.Shareds\CapStore.Domain.Shareds.csproj", "{2AB66BA0-5F63-44EE-9D54-4F5302A1EBCB}"
EndProject
Project("{FAE04EC0-301F-11D3-BF4B-00C04F79EFBC}") = "CapStore.Domain.Components.Test", "CapStore.Domain.Components.Test\CapStore.Domain.Components.Test.csproj", "{1B2FB1E3-DB50-4F14-86E6-76561FC53B36}"
EndProject
Project("{FAE04EC0-301F-11D3-BF4B-00C04F79EFBC}") = "CapStore.Domain.Shareds.Test", "CapStore.Domain.Shareds.Test\CapStore.Domain.Shareds.Test.csproj", "{6EE69B9F-8C1B-42E3-B888-497D128D838A}"
EndProject
Project("{FAE04EC0-301F-11D3-BF4B-00C04F79EFBC}") = "Akizuki.Domain.Catalogs", "Akizuki.Domain.Catalogs\Akizuki.Domain.Catalogs.csproj", "{B838B758-2BD7-4173-A4F3-C0DADB0D4D00}"
EndProject
Project("{FAE04EC0-301F-11D3-BF4B-00C04F79EFBC}") = "Akizuki.Domain.Catalogs.Test", "Akizuki.Domain.Catalogs.Test\Akizuki.Domain.Catalogs.Test.csproj", "{34C39BDF-E8A0-4AEC-9057-CFA60949559E}"
EndProject
Project("{FAE04EC0-301F-11D3-BF4B-00C04F79EFBC}") = "Akizuki.Infrastructure.Catalogs.Html", "Akizuki.Infrastructure.Catalogs\Akizuki.Infrastructure.Catalogs.Html.csproj", "{50AA8035-CA38-48BC-9AFE-807A0CE667BD}"
EndProject
Project("{FAE04EC0-301F-11D3-BF4B-00C04F79EFBC}") = "Akizuki.Infrastructure.Catalogs.Html.Test", "Akizuki.Infrastructure.Catalogs.Html.Test\Akizuki.Infrastructure.Catalogs.Html.Test.csproj", "{445DD020-26E7-4B18-A2B5-7FF83492C72F}"
EndProject
Project("{FAE04EC0-301F-11D3-BF4B-00C04F79EFBC}") = "CapStore.Domain.Makers", "CapStore.Domain.Makers\CapStore.Domain.Makers.csproj", "{26D0E8D3-435D-48D5-87C6-E51DDBBCF4E9}"
EndProject
Project("{FAE04EC0-301F-11D3-BF4B-00C04F79EFBC}") = "CapStore.Domain.Makers.Test", "CapStore.Domain.Makers.Test\CapStore.Domain.Makers.Test.csproj", "{EDB1D2AE-327B-49AC-918B-DA507113D7F4}"
EndProject
Global
	GlobalSection(SolutionConfigurationPlatforms) = preSolution
		Debug|Any CPU = Debug|Any CPU
		Release|Any CPU = Release|Any CPU
	EndGlobalSection
	GlobalSection(ProjectConfigurationPlatforms) = postSolution
		{1C8A754D-7965-46AC-ACDF-4EC7B3AD3662}.Debug|Any CPU.ActiveCfg = Debug|Any CPU
		{1C8A754D-7965-46AC-ACDF-4EC7B3AD3662}.Debug|Any CPU.Build.0 = Debug|Any CPU
		{1C8A754D-7965-46AC-ACDF-4EC7B3AD3662}.Release|Any CPU.ActiveCfg = Release|Any CPU
		{1C8A754D-7965-46AC-ACDF-4EC7B3AD3662}.Release|Any CPU.Build.0 = Release|Any CPU
		{8CDA5CA2-71F8-4C3E-B592-28FB84284246}.Debug|Any CPU.ActiveCfg = Debug|Any CPU
		{8CDA5CA2-71F8-4C3E-B592-28FB84284246}.Debug|Any CPU.Build.0 = Debug|Any CPU
		{8CDA5CA2-71F8-4C3E-B592-28FB84284246}.Release|Any CPU.ActiveCfg = Release|Any CPU
		{8CDA5CA2-71F8-4C3E-B592-28FB84284246}.Release|Any CPU.Build.0 = Release|Any CPU
		{2AB66BA0-5F63-44EE-9D54-4F5302A1EBCB}.Debug|Any CPU.ActiveCfg = Debug|Any CPU
		{2AB66BA0-5F63-44EE-9D54-4F5302A1EBCB}.Debug|Any CPU.Build.0 = Debug|Any CPU
		{2AB66BA0-5F63-44EE-9D54-4F5302A1EBCB}.Release|Any CPU.ActiveCfg = Release|Any CPU
		{2AB66BA0-5F63-44EE-9D54-4F5302A1EBCB}.Release|Any CPU.Build.0 = Release|Any CPU
		{1B2FB1E3-DB50-4F14-86E6-76561FC53B36}.Debug|Any CPU.ActiveCfg = Debug|Any CPU
		{1B2FB1E3-DB50-4F14-86E6-76561FC53B36}.Debug|Any CPU.Build.0 = Debug|Any CPU
		{1B2FB1E3-DB50-4F14-86E6-76561FC53B36}.Release|Any CPU.ActiveCfg = Release|Any CPU
		{1B2FB1E3-DB50-4F14-86E6-76561FC53B36}.Release|Any CPU.Build.0 = Release|Any CPU
		{6EE69B9F-8C1B-42E3-B888-497D128D838A}.Debug|Any CPU.ActiveCfg = Debug|Any CPU
		{6EE69B9F-8C1B-42E3-B888-497D128D838A}.Debug|Any CPU.Build.0 = Debug|Any CPU
		{6EE69B9F-8C1B-42E3-B888-497D128D838A}.Release|Any CPU.ActiveCfg = Release|Any CPU
		{6EE69B9F-8C1B-42E3-B888-497D128D838A}.Release|Any CPU.Build.0 = Release|Any CPU
		{B838B758-2BD7-4173-A4F3-C0DADB0D4D00}.Debug|Any CPU.ActiveCfg = Debug|Any CPU
		{B838B758-2BD7-4173-A4F3-C0DADB0D4D00}.Debug|Any CPU.Build.0 = Debug|Any CPU
		{B838B758-2BD7-4173-A4F3-C0DADB0D4D00}.Release|Any CPU.ActiveCfg = Release|Any CPU
		{B838B758-2BD7-4173-A4F3-C0DADB0D4D00}.Release|Any CPU.Build.0 = Release|Any CPU
		{34C39BDF-E8A0-4AEC-9057-CFA60949559E}.Debug|Any CPU.ActiveCfg = Debug|Any CPU
		{34C39BDF-E8A0-4AEC-9057-CFA60949559E}.Debug|Any CPU.Build.0 = Debug|Any CPU
		{34C39BDF-E8A0-4AEC-9057-CFA60949559E}.Release|Any CPU.ActiveCfg = Release|Any CPU
		{34C39BDF-E8A0-4AEC-9057-CFA60949559E}.Release|Any CPU.Build.0 = Release|Any CPU
		{50AA8035-CA38-48BC-9AFE-807A0CE667BD}.Debug|Any CPU.ActiveCfg = Debug|Any CPU
		{50AA8035-CA38-48BC-9AFE-807A0CE667BD}.Debug|Any CPU.Build.0 = Debug|Any CPU
		{50AA8035-CA38-48BC-9AFE-807A0CE667BD}.Release|Any CPU.ActiveCfg = Release|Any CPU
		{50AA8035-CA38-48BC-9AFE-807A0CE667BD}.Release|Any CPU.Build.0 = Release|Any CPU
		{445DD020-26E7-4B18-A2B5-7FF83492C72F}.Debug|Any CPU.ActiveCfg = Debug|Any CPU
		{445DD020-26E7-4B18-A2B5-7FF83492C72F}.Debug|Any CPU.Build.0 = Debug|Any CPU
		{445DD020-26E7-4B18-A2B5-7FF83492C72F}.Release|Any CPU.ActiveCfg = Release|Any CPU
		{445DD020-26E7-4B18-A2B5-7FF83492C72F}.Release|Any CPU.Build.0 = Release|Any CPU
		{26D0E8D3-435D-48D5-87C6-E51DDBBCF4E9}.Debug|Any CPU.ActiveCfg = Debug|Any CPU
		{26D0E8D3-435D-48D5-87C6-E51DDBBCF4E9}.Debug|Any CPU.Build.0 = Debug|Any CPU
		{26D0E8D3-435D-48D5-87C6-E51DDBBCF4E9}.Release|Any CPU.ActiveCfg = Release|Any CPU
		{26D0E8D3-435D-48D5-87C6-E51DDBBCF4E9}.Release|Any CPU.Build.0 = Release|Any CPU
		{EDB1D2AE-327B-49AC-918B-DA507113D7F4}.Debug|Any CPU.ActiveCfg = Debug|Any CPU
		{EDB1D2AE-327B-49AC-918B-DA507113D7F4}.Debug|Any CPU.Build.0 = Debug|Any CPU
		{EDB1D2AE-327B-49AC-918B-DA507113D7F4}.Release|Any CPU.ActiveCfg = Release|Any CPU
		{EDB1D2AE-327B-49AC-918B-DA507113D7F4}.Release|Any CPU.Build.0 = Release|Any CPU
	EndGlobalSection
	GlobalSection(SolutionProperties) = preSolution
		HideSolutionNode = FALSE
	EndGlobalSection
	GlobalSection(ExtensibilityGlobals) = postSolution
		SolutionGuid = {798DD877-66FF-4C92-B6D2-916526B32DF3}
	EndGlobalSection
EndGlobal
